
Microsoft Visual Studio Solution File, Format Version 12.00
# Visual Studio Version 17
VisualStudioVersion = 17.5.33424.131
MinimumVisualStudioVersion = 10.0.40219.1
Project("{2150E333-8FDC-42A3-9474-1A3956D46DE8}") = "EntradaProcessamentoSaida", "EntradaProcessamentoSaida", "{1F523394-309E-4D37-86E6-9B0DBC64C7BF}"
EndProject
Project("{2150E333-8FDC-42A3-9474-1A3956D46DE8}") = "EstruturasDeDecisao", "EstruturasDeDecisao", "{28AEC4B9-FEC5-4548-8E80-F8FC84309775}"
EndProject
Project("{9A19103F-16F7-4668-BE54-9A1E7A4F7556}") = "Exercicio01", "Exercicio01\Exercicio01.csproj", "{C8C9A6ED-CF7C-439D-97C2-BEB253B2F59E}"
EndProject
Project("{9A19103F-16F7-4668-BE54-9A1E7A4F7556}") = "Exercicio03", "Exercicio03\Exercicio03.csproj", "{F69CD4FF-800A-4C50-8B2C-55F6CE594104}"
EndProject
Project("{9A19103F-16F7-4668-BE54-9A1E7A4F7556}") = "Exercicio04", "Exercicio04\Exercicio04.csproj", "{938D1610-9026-4DBC-AC2E-25669148CA79}"
EndProject
Project("{9A19103F-16F7-4668-BE54-9A1E7A4F7556}") = "Exercicio05", "Exercicio05\Exercicio05.csproj", "{D44D268E-6262-48FB-B867-338335841ECA}"
EndProject
Project("{9A19103F-16F7-4668-BE54-9A1E7A4F7556}") = "Exercicio06", "Exercicio06\Exercicio06.csproj", "{98FB8EBA-EB5F-4388-B809-5418D6BB0787}"
EndProject
Project("{9A19103F-16F7-4668-BE54-9A1E7A4F7556}") = "Exercicio07", "Exercicio07\Exercicio07.csproj", "{BBF399FD-DB50-4138-A882-8ACA6E164922}"
EndProject
Project("{9A19103F-16F7-4668-BE54-9A1E7A4F7556}") = "Exercicio08", "Exercicio08\Exercicio08.csproj", "{ECEE72B7-51BE-4177-8479-9FF6CA2D1C7C}"
EndProject
Project("{9A19103F-16F7-4668-BE54-9A1E7A4F7556}") = "Exercicio09", "Exercicio09\Exercicio09.csproj", "{EC4D09CA-F22D-4940-A5FD-D3EFD9D19210}"
EndProject
Project("{9A19103F-16F7-4668-BE54-9A1E7A4F7556}") = "Exercicio10", "Exercicio10\Exercicio10.csproj", "{38BC15DA-F832-43E5-8C01-6187B946246C}"
EndProject
Project("{9A19103F-16F7-4668-BE54-9A1E7A4F7556}") = "Exercicio02", "Exercicio002\Exercicio02.csproj", "{2F97C068-ED08-49B6-B5DF-9891CA5D5D2F}"
EndProject
Project("{9A19103F-16F7-4668-BE54-9A1E7A4F7556}") = "Exercicio11", "Exercicio11\Exercicio11.csproj", "{726656FE-3038-4F28-84AD-D87AA7E87D96}"
EndProject
Project("{9A19103F-16F7-4668-BE54-9A1E7A4F7556}") = "Exercicio12", "Exercicio12\Exercicio12.csproj", "{B983E0A4-3801-4A93-8E2E-B822102870F5}"
EndProject
Project("{9A19103F-16F7-4668-BE54-9A1E7A4F7556}") = "Exercicio13", "Exercicio13\Exercicio13.csproj", "{3B3CF4ED-1355-41F0-8F42-A3ECBDF03462}"
EndProject
Project("{9A19103F-16F7-4668-BE54-9A1E7A4F7556}") = "Exercicio14", "Exercicio14\Exercicio14.csproj", "{B20282E9-7F31-4F67-A879-333C70195A5C}"
EndProject
Project("{9A19103F-16F7-4668-BE54-9A1E7A4F7556}") = "Exercicio15", "Exercicio15\Exercicio15.csproj", "{34707352-E337-41C1-96F1-98807C33905B}"
EndProject
Project("{9A19103F-16F7-4668-BE54-9A1E7A4F7556}") = "Exercicio16", "Exercicio16\Exercicio16.csproj", "{8C64DBFD-1775-456A-ABEB-B67D6741A17E}"
EndProject
Project("{2150E333-8FDC-42A3-9474-1A3956D46DE8}") = "EstruturasDeRepeticao", "EstruturasDeRepeticao", "{75806FF0-97F1-470B-9065-40186DB338BF}"
EndProject
Project("{9A19103F-16F7-4668-BE54-9A1E7A4F7556}") = "Exercicio18", "Exercicio18\Exercicio18.csproj", "{45E42736-C75C-4F86-A6C2-14D8A0F5B06B}"
EndProject
Project("{9A19103F-16F7-4668-BE54-9A1E7A4F7556}") = "Exercicio19", "Exercicio19\Exercicio19.csproj", "{102AFFF3-4947-43FA-AC4A-2B45DA113E7E}"
EndProject
Project("{9A19103F-16F7-4668-BE54-9A1E7A4F7556}") = "Exercicio20", "Exercicio20\Exercicio20.csproj", "{8EF1A81D-B24F-4E8D-9D57-5DD6659F6C65}"
EndProject
Project("{9A19103F-16F7-4668-BE54-9A1E7A4F7556}") = "Exercicio21", "Exercicio21\Exercicio21.csproj", "{58C70B49-966B-4BD7-97DA-D764AAE94995}"
EndProject
Project("{9A19103F-16F7-4668-BE54-9A1E7A4F7556}") = "Exercicio23", "Exercicio23\Exercicio23.csproj", "{00485B81-F8E1-4F25-89CB-62DDBD659FFB}"
EndProject
Project("{9A19103F-16F7-4668-BE54-9A1E7A4F7556}") = "Exercicio24", "Exercicio24\Exercicio24.csproj", "{762B191F-6854-4979-9630-E0E620BBEF4B}"
EndProject
Project("{9A19103F-16F7-4668-BE54-9A1E7A4F7556}") = "Exercicio25", "Exercicio25\Exercicio25.csproj", "{681084A6-E92A-4645-8773-0E28635C23C8}"
EndProject
Project("{9A19103F-16F7-4668-BE54-9A1E7A4F7556}") = "Exercicio26", "Exercicio26\Exercicio26.csproj", "{AB4ACF80-F6CC-4E63-82BA-40974E6D0F55}"
EndProject
Project("{9A19103F-16F7-4668-BE54-9A1E7A4F7556}") = "Exercicio27", "Exercicio27\Exercicio27.csproj", "{AEB9D66E-DEA9-4F23-B3AD-5FCC0CF9B0F3}"
EndProject
Project("{9A19103F-16F7-4668-BE54-9A1E7A4F7556}") = "Exercicio28", "Exercicio28\Exercicio28.csproj", "{897CE9BC-34B0-4361-8647-4B4C08365B14}"
EndProject
Project("{9A19103F-16F7-4668-BE54-9A1E7A4F7556}") = "Exercicio29", "Exercicio29\Exercicio29.csproj", "{0F12AB35-ED30-4FAB-8CCD-917F5453A8FD}"
EndProject
Project("{9A19103F-16F7-4668-BE54-9A1E7A4F7556}") = "Exercicio17", "Exercicio170\Exercicio17.csproj", "{3F1A31E7-AEC4-453A-9DF3-18D79457D348}"
EndProject
Global
	GlobalSection(SolutionConfigurationPlatforms) = preSolution
		Debug|Any CPU = Debug|Any CPU
		Release|Any CPU = Release|Any CPU
	EndGlobalSection
	GlobalSection(ProjectConfigurationPlatforms) = postSolution
		{C8C9A6ED-CF7C-439D-97C2-BEB253B2F59E}.Debug|Any CPU.ActiveCfg = Debug|Any CPU
		{C8C9A6ED-CF7C-439D-97C2-BEB253B2F59E}.Debug|Any CPU.Build.0 = Debug|Any CPU
		{C8C9A6ED-CF7C-439D-97C2-BEB253B2F59E}.Release|Any CPU.ActiveCfg = Release|Any CPU
		{C8C9A6ED-CF7C-439D-97C2-BEB253B2F59E}.Release|Any CPU.Build.0 = Release|Any CPU
		{F69CD4FF-800A-4C50-8B2C-55F6CE594104}.Debug|Any CPU.ActiveCfg = Debug|Any CPU
		{F69CD4FF-800A-4C50-8B2C-55F6CE594104}.Debug|Any CPU.Build.0 = Debug|Any CPU
		{F69CD4FF-800A-4C50-8B2C-55F6CE594104}.Release|Any CPU.ActiveCfg = Release|Any CPU
		{F69CD4FF-800A-4C50-8B2C-55F6CE594104}.Release|Any CPU.Build.0 = Release|Any CPU
		{938D1610-9026-4DBC-AC2E-25669148CA79}.Debug|Any CPU.ActiveCfg = Debug|Any CPU
		{938D1610-9026-4DBC-AC2E-25669148CA79}.Debug|Any CPU.Build.0 = Debug|Any CPU
		{938D1610-9026-4DBC-AC2E-25669148CA79}.Release|Any CPU.ActiveCfg = Release|Any CPU
		{938D1610-9026-4DBC-AC2E-25669148CA79}.Release|Any CPU.Build.0 = Release|Any CPU
		{D44D268E-6262-48FB-B867-338335841ECA}.Debug|Any CPU.ActiveCfg = Debug|Any CPU
		{D44D268E-6262-48FB-B867-338335841ECA}.Debug|Any CPU.Build.0 = Debug|Any CPU
		{D44D268E-6262-48FB-B867-338335841ECA}.Release|Any CPU.ActiveCfg = Release|Any CPU
		{D44D268E-6262-48FB-B867-338335841ECA}.Release|Any CPU.Build.0 = Release|Any CPU
		{98FB8EBA-EB5F-4388-B809-5418D6BB0787}.Debug|Any CPU.ActiveCfg = Debug|Any CPU
		{98FB8EBA-EB5F-4388-B809-5418D6BB0787}.Debug|Any CPU.Build.0 = Debug|Any CPU
		{98FB8EBA-EB5F-4388-B809-5418D6BB0787}.Release|Any CPU.ActiveCfg = Release|Any CPU
		{98FB8EBA-EB5F-4388-B809-5418D6BB0787}.Release|Any CPU.Build.0 = Release|Any CPU
		{BBF399FD-DB50-4138-A882-8ACA6E164922}.Debug|Any CPU.ActiveCfg = Debug|Any CPU
		{BBF399FD-DB50-4138-A882-8ACA6E164922}.Debug|Any CPU.Build.0 = Debug|Any CPU
		{BBF399FD-DB50-4138-A882-8ACA6E164922}.Release|Any CPU.ActiveCfg = Release|Any CPU
		{BBF399FD-DB50-4138-A882-8ACA6E164922}.Release|Any CPU.Build.0 = Release|Any CPU
		{ECEE72B7-51BE-4177-8479-9FF6CA2D1C7C}.Debug|Any CPU.ActiveCfg = Debug|Any CPU
		{ECEE72B7-51BE-4177-8479-9FF6CA2D1C7C}.Debug|Any CPU.Build.0 = Debug|Any CPU
		{ECEE72B7-51BE-4177-8479-9FF6CA2D1C7C}.Release|Any CPU.ActiveCfg = Release|Any CPU
		{ECEE72B7-51BE-4177-8479-9FF6CA2D1C7C}.Release|Any CPU.Build.0 = Release|Any CPU
		{EC4D09CA-F22D-4940-A5FD-D3EFD9D19210}.Debug|Any CPU.ActiveCfg = Debug|Any CPU
		{EC4D09CA-F22D-4940-A5FD-D3EFD9D19210}.Debug|Any CPU.Build.0 = Debug|Any CPU
		{EC4D09CA-F22D-4940-A5FD-D3EFD9D19210}.Release|Any CPU.ActiveCfg = Release|Any CPU
		{EC4D09CA-F22D-4940-A5FD-D3EFD9D19210}.Release|Any CPU.Build.0 = Release|Any CPU
		{38BC15DA-F832-43E5-8C01-6187B946246C}.Debug|Any CPU.ActiveCfg = Debug|Any CPU
		{38BC15DA-F832-43E5-8C01-6187B946246C}.Debug|Any CPU.Build.0 = Debug|Any CPU
		{38BC15DA-F832-43E5-8C01-6187B946246C}.Release|Any CPU.ActiveCfg = Release|Any CPU
		{38BC15DA-F832-43E5-8C01-6187B946246C}.Release|Any CPU.Build.0 = Release|Any CPU
		{2F97C068-ED08-49B6-B5DF-9891CA5D5D2F}.Debug|Any CPU.ActiveCfg = Debug|Any CPU
		{2F97C068-ED08-49B6-B5DF-9891CA5D5D2F}.Debug|Any CPU.Build.0 = Debug|Any CPU
		{2F97C068-ED08-49B6-B5DF-9891CA5D5D2F}.Release|Any CPU.ActiveCfg = Release|Any CPU
		{2F97C068-ED08-49B6-B5DF-9891CA5D5D2F}.Release|Any CPU.Build.0 = Release|Any CPU
		{726656FE-3038-4F28-84AD-D87AA7E87D96}.Debug|Any CPU.ActiveCfg = Debug|Any CPU
		{726656FE-3038-4F28-84AD-D87AA7E87D96}.Debug|Any CPU.Build.0 = Debug|Any CPU
		{726656FE-3038-4F28-84AD-D87AA7E87D96}.Release|Any CPU.ActiveCfg = Release|Any CPU
		{726656FE-3038-4F28-84AD-D87AA7E87D96}.Release|Any CPU.Build.0 = Release|Any CPU
		{B983E0A4-3801-4A93-8E2E-B822102870F5}.Debug|Any CPU.ActiveCfg = Debug|Any CPU
		{B983E0A4-3801-4A93-8E2E-B822102870F5}.Debug|Any CPU.Build.0 = Debug|Any CPU
		{B983E0A4-3801-4A93-8E2E-B822102870F5}.Release|Any CPU.ActiveCfg = Release|Any CPU
		{B983E0A4-3801-4A93-8E2E-B822102870F5}.Release|Any CPU.Build.0 = Release|Any CPU
		{3B3CF4ED-1355-41F0-8F42-A3ECBDF03462}.Debug|Any CPU.ActiveCfg = Debug|Any CPU
		{3B3CF4ED-1355-41F0-8F42-A3ECBDF03462}.Debug|Any CPU.Build.0 = Debug|Any CPU
		{3B3CF4ED-1355-41F0-8F42-A3ECBDF03462}.Release|Any CPU.ActiveCfg = Release|Any CPU
		{3B3CF4ED-1355-41F0-8F42-A3ECBDF03462}.Release|Any CPU.Build.0 = Release|Any CPU
		{B20282E9-7F31-4F67-A879-333C70195A5C}.Debug|Any CPU.ActiveCfg = Debug|Any CPU
		{B20282E9-7F31-4F67-A879-333C70195A5C}.Debug|Any CPU.Build.0 = Debug|Any CPU
		{B20282E9-7F31-4F67-A879-333C70195A5C}.Release|Any CPU.ActiveCfg = Release|Any CPU
		{B20282E9-7F31-4F67-A879-333C70195A5C}.Release|Any CPU.Build.0 = Release|Any CPU
		{34707352-E337-41C1-96F1-98807C33905B}.Debug|Any CPU.ActiveCfg = Debug|Any CPU
		{34707352-E337-41C1-96F1-98807C33905B}.Debug|Any CPU.Build.0 = Debug|Any CPU
		{34707352-E337-41C1-96F1-98807C33905B}.Release|Any CPU.ActiveCfg = Release|Any CPU
		{34707352-E337-41C1-96F1-98807C33905B}.Release|Any CPU.Build.0 = Release|Any CPU
		{8C64DBFD-1775-456A-ABEB-B67D6741A17E}.Debug|Any CPU.ActiveCfg = Debug|Any CPU
		{8C64DBFD-1775-456A-ABEB-B67D6741A17E}.Debug|Any CPU.Build.0 = Debug|Any CPU
		{8C64DBFD-1775-456A-ABEB-B67D6741A17E}.Release|Any CPU.ActiveCfg = Release|Any CPU
		{8C64DBFD-1775-456A-ABEB-B67D6741A17E}.Release|Any CPU.Build.0 = Release|Any CPU
		{45E42736-C75C-4F86-A6C2-14D8A0F5B06B}.Debug|Any CPU.ActiveCfg = Debug|Any CPU
		{45E42736-C75C-4F86-A6C2-14D8A0F5B06B}.Debug|Any CPU.Build.0 = Debug|Any CPU
		{45E42736-C75C-4F86-A6C2-14D8A0F5B06B}.Release|Any CPU.ActiveCfg = Release|Any CPU
		{45E42736-C75C-4F86-A6C2-14D8A0F5B06B}.Release|Any CPU.Build.0 = Release|Any CPU
		{102AFFF3-4947-43FA-AC4A-2B45DA113E7E}.Debug|Any CPU.ActiveCfg = Debug|Any CPU
		{102AFFF3-4947-43FA-AC4A-2B45DA113E7E}.Debug|Any CPU.Build.0 = Debug|Any CPU
		{102AFFF3-4947-43FA-AC4A-2B45DA113E7E}.Release|Any CPU.ActiveCfg = Release|Any CPU
		{102AFFF3-4947-43FA-AC4A-2B45DA113E7E}.Release|Any CPU.Build.0 = Release|Any CPU
		{8EF1A81D-B24F-4E8D-9D57-5DD6659F6C65}.Debug|Any CPU.ActiveCfg = Debug|Any CPU
		{8EF1A81D-B24F-4E8D-9D57-5DD6659F6C65}.Debug|Any CPU.Build.0 = Debug|Any CPU
		{8EF1A81D-B24F-4E8D-9D57-5DD6659F6C65}.Release|Any CPU.ActiveCfg = Release|Any CPU
		{8EF1A81D-B24F-4E8D-9D57-5DD6659F6C65}.Release|Any CPU.Build.0 = Release|Any CPU
		{58C70B49-966B-4BD7-97DA-D764AAE94995}.Debug|Any CPU.ActiveCfg = Debug|Any CPU
		{58C70B49-966B-4BD7-97DA-D764AAE94995}.Debug|Any CPU.Build.0 = Debug|Any CPU
		{58C70B49-966B-4BD7-97DA-D764AAE94995}.Release|Any CPU.ActiveCfg = Release|Any CPU
		{58C70B49-966B-4BD7-97DA-D764AAE94995}.Release|Any CPU.Build.0 = Release|Any CPU
		{00485B81-F8E1-4F25-89CB-62DDBD659FFB}.Debug|Any CPU.ActiveCfg = Debug|Any CPU
		{00485B81-F8E1-4F25-89CB-62DDBD659FFB}.Debug|Any CPU.Build.0 = Debug|Any CPU
		{00485B81-F8E1-4F25-89CB-62DDBD659FFB}.Release|Any CPU.ActiveCfg = Release|Any CPU
		{00485B81-F8E1-4F25-89CB-62DDBD659FFB}.Release|Any CPU.Build.0 = Release|Any CPU
		{762B191F-6854-4979-9630-E0E620BBEF4B}.Debug|Any CPU.ActiveCfg = Debug|Any CPU
		{762B191F-6854-4979-9630-E0E620BBEF4B}.Debug|Any CPU.Build.0 = Debug|Any CPU
		{762B191F-6854-4979-9630-E0E620BBEF4B}.Release|Any CPU.ActiveCfg = Release|Any CPU
		{762B191F-6854-4979-9630-E0E620BBEF4B}.Release|Any CPU.Build.0 = Release|Any CPU
		{681084A6-E92A-4645-8773-0E28635C23C8}.Debug|Any CPU.ActiveCfg = Debug|Any CPU
		{681084A6-E92A-4645-8773-0E28635C23C8}.Debug|Any CPU.Build.0 = Debug|Any CPU
		{681084A6-E92A-4645-8773-0E28635C23C8}.Release|Any CPU.ActiveCfg = Release|Any CPU
		{681084A6-E92A-4645-8773-0E28635C23C8}.Release|Any CPU.Build.0 = Release|Any CPU
		{AB4ACF80-F6CC-4E63-82BA-40974E6D0F55}.Debug|Any CPU.ActiveCfg = Debug|Any CPU
		{AB4ACF80-F6CC-4E63-82BA-40974E6D0F55}.Debug|Any CPU.Build.0 = Debug|Any CPU
		{AB4ACF80-F6CC-4E63-82BA-40974E6D0F55}.Release|Any CPU.ActiveCfg = Release|Any CPU
		{AB4ACF80-F6CC-4E63-82BA-40974E6D0F55}.Release|Any CPU.Build.0 = Release|Any CPU
		{AEB9D66E-DEA9-4F23-B3AD-5FCC0CF9B0F3}.Debug|Any CPU.ActiveCfg = Debug|Any CPU
		{AEB9D66E-DEA9-4F23-B3AD-5FCC0CF9B0F3}.Debug|Any CPU.Build.0 = Debug|Any CPU
		{AEB9D66E-DEA9-4F23-B3AD-5FCC0CF9B0F3}.Release|Any CPU.ActiveCfg = Release|Any CPU
		{AEB9D66E-DEA9-4F23-B3AD-5FCC0CF9B0F3}.Release|Any CPU.Build.0 = Release|Any CPU
		{897CE9BC-34B0-4361-8647-4B4C08365B14}.Debug|Any CPU.ActiveCfg = Debug|Any CPU
		{897CE9BC-34B0-4361-8647-4B4C08365B14}.Debug|Any CPU.Build.0 = Debug|Any CPU
		{897CE9BC-34B0-4361-8647-4B4C08365B14}.Release|Any CPU.ActiveCfg = Release|Any CPU
		{897CE9BC-34B0-4361-8647-4B4C08365B14}.Release|Any CPU.Build.0 = Release|Any CPU
		{0F12AB35-ED30-4FAB-8CCD-917F5453A8FD}.Debug|Any CPU.ActiveCfg = Debug|Any CPU
		{0F12AB35-ED30-4FAB-8CCD-917F5453A8FD}.Debug|Any CPU.Build.0 = Debug|Any CPU
		{0F12AB35-ED30-4FAB-8CCD-917F5453A8FD}.Release|Any CPU.ActiveCfg = Release|Any CPU
		{0F12AB35-ED30-4FAB-8CCD-917F5453A8FD}.Release|Any CPU.Build.0 = Release|Any CPU
		{3F1A31E7-AEC4-453A-9DF3-18D79457D348}.Debug|Any CPU.ActiveCfg = Debug|Any CPU
		{3F1A31E7-AEC4-453A-9DF3-18D79457D348}.Debug|Any CPU.Build.0 = Debug|Any CPU
		{3F1A31E7-AEC4-453A-9DF3-18D79457D348}.Release|Any CPU.ActiveCfg = Release|Any CPU
		{3F1A31E7-AEC4-453A-9DF3-18D79457D348}.Release|Any CPU.Build.0 = Release|Any CPU
	EndGlobalSection
	GlobalSection(SolutionProperties) = preSolution
		HideSolutionNode = FALSE
	EndGlobalSection
	GlobalSection(NestedProjects) = preSolution
		{C8C9A6ED-CF7C-439D-97C2-BEB253B2F59E} = {1F523394-309E-4D37-86E6-9B0DBC64C7BF}
		{F69CD4FF-800A-4C50-8B2C-55F6CE594104} = {1F523394-309E-4D37-86E6-9B0DBC64C7BF}
		{938D1610-9026-4DBC-AC2E-25669148CA79} = {1F523394-309E-4D37-86E6-9B0DBC64C7BF}
		{D44D268E-6262-48FB-B867-338335841ECA} = {1F523394-309E-4D37-86E6-9B0DBC64C7BF}
		{98FB8EBA-EB5F-4388-B809-5418D6BB0787} = {1F523394-309E-4D37-86E6-9B0DBC64C7BF}
		{BBF399FD-DB50-4138-A882-8ACA6E164922} = {1F523394-309E-4D37-86E6-9B0DBC64C7BF}
		{ECEE72B7-51BE-4177-8479-9FF6CA2D1C7C} = {1F523394-309E-4D37-86E6-9B0DBC64C7BF}
		{EC4D09CA-F22D-4940-A5FD-D3EFD9D19210} = {1F523394-309E-4D37-86E6-9B0DBC64C7BF}
		{38BC15DA-F832-43E5-8C01-6187B946246C} = {1F523394-309E-4D37-86E6-9B0DBC64C7BF}
		{2F97C068-ED08-49B6-B5DF-9891CA5D5D2F} = {1F523394-309E-4D37-86E6-9B0DBC64C7BF}
		{726656FE-3038-4F28-84AD-D87AA7E87D96} = {1F523394-309E-4D37-86E6-9B0DBC64C7BF}
		{B983E0A4-3801-4A93-8E2E-B822102870F5} = {1F523394-309E-4D37-86E6-9B0DBC64C7BF}
		{3B3CF4ED-1355-41F0-8F42-A3ECBDF03462} = {1F523394-309E-4D37-86E6-9B0DBC64C7BF}
		{B20282E9-7F31-4F67-A879-333C70195A5C} = {1F523394-309E-4D37-86E6-9B0DBC64C7BF}
		{34707352-E337-41C1-96F1-98807C33905B} = {1F523394-309E-4D37-86E6-9B0DBC64C7BF}
		{8C64DBFD-1775-456A-ABEB-B67D6741A17E} = {1F523394-309E-4D37-86E6-9B0DBC64C7BF}
		{45E42736-C75C-4F86-A6C2-14D8A0F5B06B} = {28AEC4B9-FEC5-4548-8E80-F8FC84309775}
		{102AFFF3-4947-43FA-AC4A-2B45DA113E7E} = {28AEC4B9-FEC5-4548-8E80-F8FC84309775}
		{8EF1A81D-B24F-4E8D-9D57-5DD6659F6C65} = {28AEC4B9-FEC5-4548-8E80-F8FC84309775}
		{58C70B49-966B-4BD7-97DA-D764AAE94995} = {28AEC4B9-FEC5-4548-8E80-F8FC84309775}
		{00485B81-F8E1-4F25-89CB-62DDBD659FFB} = {75806FF0-97F1-470B-9065-40186DB338BF}
		{762B191F-6854-4979-9630-E0E620BBEF4B} = {75806FF0-97F1-470B-9065-40186DB338BF}
		{681084A6-E92A-4645-8773-0E28635C23C8} = {75806FF0-97F1-470B-9065-40186DB338BF}
		{AB4ACF80-F6CC-4E63-82BA-40974E6D0F55} = {75806FF0-97F1-470B-9065-40186DB338BF}
		{AEB9D66E-DEA9-4F23-B3AD-5FCC0CF9B0F3} = {75806FF0-97F1-470B-9065-40186DB338BF}
		{897CE9BC-34B0-4361-8647-4B4C08365B14} = {75806FF0-97F1-470B-9065-40186DB338BF}
		{0F12AB35-ED30-4FAB-8CCD-917F5453A8FD} = {75806FF0-97F1-470B-9065-40186DB338BF}
		{3F1A31E7-AEC4-453A-9DF3-18D79457D348} = {28AEC4B9-FEC5-4548-8E80-F8FC84309775}
	EndGlobalSection
	GlobalSection(ExtensibilityGlobals) = postSolution
		SolutionGuid = {864BF37D-D581-4810-8CD1-C05DB977C9F0}
	EndGlobalSection
EndGlobal
