
Microsoft Visual Studio Solution File, Format Version 12.00
# Visual Studio Version 17
VisualStudioVersion = 17.5.33424.131
MinimumVisualStudioVersion = 10.0.40219.1
Project("{9A19103F-16F7-4668-BE54-9A1E7A4F7556}") = "ListaExercicios01.Exercicio01", "ListaExercicios01.Exercicio01\ListaExercicios01.Exercicio01.csproj", "{00FAF447-13F7-4468-89AE-4CD38FF4AB47}"
EndProject
Project("{9A19103F-16F7-4668-BE54-9A1E7A4F7556}") = "ListaExercicios01.Exercicio02", "ListaExercicios01.Exercicio02\ListaExercicios01.Exercicio02.csproj", "{9EA5EC48-3C09-4C07-A0B0-5FAD8F354D88}"
EndProject
Project("{9A19103F-16F7-4668-BE54-9A1E7A4F7556}") = "ListaExercicios01.Exercicio03", "ListaExercicios01.Exercicio03\ListaExercicios01.Exercicio03.csproj", "{742A0DDD-5605-488D-8899-26FAF063F994}"
EndProject
Project("{9A19103F-16F7-4668-BE54-9A1E7A4F7556}") = "ListaExercicios01.Exercicio04", "ListaExercicios01.Exercicio04\ListaExercicios01.Exercicio04.csproj", "{4E27A083-A628-4EBE-8ABF-313C2338F395}"
EndProject
Project("{9A19103F-16F7-4668-BE54-9A1E7A4F7556}") = "ListaExercicios01.Exercicio05", "ListaExercicios01.Exercicio05\ListaExercicios01.Exercicio05.csproj", "{661D5778-C74C-4889-927B-7AAAD1C1355E}"
EndProject
Project("{9A19103F-16F7-4668-BE54-9A1E7A4F7556}") = "ListaExercicios01.Exercicio06", "ListaExercicios01.Exercicio06\ListaExercicios01.Exercicio06.csproj", "{50B3B51C-951F-4249-B1BC-3A25B4F4DF05}"
EndProject
Project("{9A19103F-16F7-4668-BE54-9A1E7A4F7556}") = "ListaExercicios01.Exercicio07", "ListaExercicios01.Exercicio07\ListaExercicios01.Exercicio07.csproj", "{1226E30C-670C-4B5B-978E-D693CF9CF23F}"
EndProject
Project("{9A19103F-16F7-4668-BE54-9A1E7A4F7556}") = "ListaExercicios01.Exercicio08", "ListaExercicios01.Exercicio08\ListaExercicios01.Exercicio08.csproj", "{44ED353C-4B74-479C-816B-E05D524AD65D}"
EndProject
Project("{9A19103F-16F7-4668-BE54-9A1E7A4F7556}") = "ListaExercicios01.Exercicio09", "ListaExercicios01.Exercicio09\ListaExercicios01.Exercicio09.csproj", "{8AEF88AA-8523-4A71-A8BB-2F7591EEA9CE}"
EndProject
Project("{9A19103F-16F7-4668-BE54-9A1E7A4F7556}") = "ListaExercicios01.Exercicio10", "ListaExercicios01.Exercicio10\ListaExercicios01.Exercicio10.csproj", "{1BA57D2F-B4FA-4A89-9312-5359FD2598F2}"
EndProject
Project("{9A19103F-16F7-4668-BE54-9A1E7A4F7556}") = "ListaExercicios01.Exercicio11", "ListaExercicios01.Exercicio11\ListaExercicios01.Exercicio11.csproj", "{F7886EAB-BB88-4337-97D0-5F3A0F8EEA41}"
EndProject
Project("{9A19103F-16F7-4668-BE54-9A1E7A4F7556}") = "ListaExercicios01.Exercicio12", "ListaExercicios01.Exercicio12\ListaExercicios01.Exercicio12.csproj", "{6C74D659-55AF-4382-87CA-D8F0A7A75C3F}"
EndProject
Project("{9A19103F-16F7-4668-BE54-9A1E7A4F7556}") = "ListaExercicios01.Exercicio13", "ListaExercicios01.Exercicio13\ListaExercicios01.Exercicio13.csproj", "{A8F9978F-A1C4-4F1B-A1E6-5B514B6631A3}"
EndProject
Project("{9A19103F-16F7-4668-BE54-9A1E7A4F7556}") = "ListaExercicios01.Exercicio14", "ListaExercicios01.Exercicio14\ListaExercicios01.Exercicio14.csproj", "{6BD64825-CF43-4FE8-9D65-4E6D843D0D54}"
EndProject
Project("{9A19103F-16F7-4668-BE54-9A1E7A4F7556}") = "ListaExercicios01.Exercicio15", "ListaExercicios01.Exercicio15\ListaExercicios01.Exercicio15.csproj", "{C384E22C-0489-40CB-889F-EA57C7CD944F}"
EndProject
Project("{9A19103F-16F7-4668-BE54-9A1E7A4F7556}") = "ListaExercicios01.Exercicio16", "ListaExercicios01.Exercicio16\ListaExercicios01.Exercicio16.csproj", "{D39082AD-39F0-4D95-9228-78F30FB10314}"
EndProject
Project("{2150E333-8FDC-42A3-9474-1A3956D46DE8}") = "Primeira Parte", "Primeira Parte", "{7A7E6152-0F64-4873-A0E4-4A82CA572073}"
EndProject
Project("{2150E333-8FDC-42A3-9474-1A3956D46DE8}") = "Segunda Parte", "Segunda Parte", "{9D89B06C-C775-481C-BEBD-1E9E43C4B237}"
EndProject
Project("{9A19103F-16F7-4668-BE54-9A1E7A4F7556}") = "ListaExercicios01.Exercicio17", "ListaExercicios01.Exercicio17\ListaExercicios01.Exercicio17.csproj", "{CF0E0603-800C-4A0C-B2A1-35C59BFF6F5C}"
EndProject
Project("{9A19103F-16F7-4668-BE54-9A1E7A4F7556}") = "ListaExercicios01.Exercicio18", "ListaExercicios01.Exercicio18\ListaExercicios01.Exercicio18.csproj", "{FD9CB495-9744-4C67-831D-E661AD1A3B92}"
EndProject
Project("{9A19103F-16F7-4668-BE54-9A1E7A4F7556}") = "ListaExercicios01.Exercicio19", "ListaExercicios01.Exercicio19\ListaExercicios01.Exercicio19.csproj", "{BBDEDFDA-EE04-4371-A1CC-0518E56E571C}"
EndProject
Project("{9A19103F-16F7-4668-BE54-9A1E7A4F7556}") = "ListaExercicios01.Exercicio20", "ListaExercicios01.Exercicio20\ListaExercicios01.Exercicio20.csproj", "{CA289AC5-6802-431F-8A75-B12B30DC814A}"
EndProject
Project("{9A19103F-16F7-4668-BE54-9A1E7A4F7556}") = "ListaExercicios01.Exercicio21", "ListaExercicios01.Exercicio21\ListaExercicios01.Exercicio21.csproj", "{53EB9A15-558D-44DD-913F-D6DBB0036D1F}"
EndProject
Project("{9A19103F-16F7-4668-BE54-9A1E7A4F7556}") = "ListaExercicios01.Exercicio23", "ListaExercicios01.Exercicio23\ListaExercicios01.Exercicio23.csproj", "{7A47CF4E-3927-42BC-B2A0-BF7A809297C1}"
EndProject
Project("{9A19103F-16F7-4668-BE54-9A1E7A4F7556}") = "ListaExercicios01.Exercicio24", "ListaExercicios01.Exercicio24\ListaExercicios01.Exercicio24.csproj", "{6FEA1870-3A7E-4804-8655-D7C3A5C0A354}"
EndProject
Project("{9A19103F-16F7-4668-BE54-9A1E7A4F7556}") = "ListaExercicios01.Exercicio25", "ListaExercicios01.Exercicio25\ListaExercicios01.Exercicio25.csproj", "{C76EF324-4DF6-4D20-8D2E-0835E9D87990}"
EndProject
Project("{9A19103F-16F7-4668-BE54-9A1E7A4F7556}") = "ListaExercicios01.Exercicio26", "ListaExercicios01.Exercicio26\ListaExercicios01.Exercicio26.csproj", "{BBB25432-9081-4EE7-B186-963CAA8A5F0F}"
EndProject
Project("{9A19103F-16F7-4668-BE54-9A1E7A4F7556}") = "ListaExercicios01.Exercicio27", "ListaExercicios01.Exercicio27\ListaExercicios01.Exercicio27.csproj", "{24C99179-D875-4731-83C2-36BFC2549404}"
EndProject
Project("{9A19103F-16F7-4668-BE54-9A1E7A4F7556}") = "ListaExercicios01.Exercicio28", "ListaExercicios01.Exercicio28\ListaExercicios01.Exercicio28.csproj", "{3D680E0D-A4DE-4E50-81CE-6F56B204A742}"
EndProject
Project("{9A19103F-16F7-4668-BE54-9A1E7A4F7556}") = "ListaExercicios01.Exercicio29", "ListaExercicios01.Exercicio29\ListaExercicios01.Exercicio29.csproj", "{57DD900F-FAE5-4B7D-9C6B-B449CA42247D}"
EndProject
Global
	GlobalSection(SolutionConfigurationPlatforms) = preSolution
		Debug|Any CPU = Debug|Any CPU
		Release|Any CPU = Release|Any CPU
	EndGlobalSection
	GlobalSection(ProjectConfigurationPlatforms) = postSolution
		{00FAF447-13F7-4468-89AE-4CD38FF4AB47}.Debug|Any CPU.ActiveCfg = Debug|Any CPU
		{00FAF447-13F7-4468-89AE-4CD38FF4AB47}.Debug|Any CPU.Build.0 = Debug|Any CPU
		{00FAF447-13F7-4468-89AE-4CD38FF4AB47}.Release|Any CPU.ActiveCfg = Release|Any CPU
		{00FAF447-13F7-4468-89AE-4CD38FF4AB47}.Release|Any CPU.Build.0 = Release|Any CPU
		{9EA5EC48-3C09-4C07-A0B0-5FAD8F354D88}.Debug|Any CPU.ActiveCfg = Debug|Any CPU
		{9EA5EC48-3C09-4C07-A0B0-5FAD8F354D88}.Debug|Any CPU.Build.0 = Debug|Any CPU
		{9EA5EC48-3C09-4C07-A0B0-5FAD8F354D88}.Release|Any CPU.ActiveCfg = Release|Any CPU
		{9EA5EC48-3C09-4C07-A0B0-5FAD8F354D88}.Release|Any CPU.Build.0 = Release|Any CPU
		{742A0DDD-5605-488D-8899-26FAF063F994}.Debug|Any CPU.ActiveCfg = Debug|Any CPU
		{742A0DDD-5605-488D-8899-26FAF063F994}.Debug|Any CPU.Build.0 = Debug|Any CPU
		{742A0DDD-5605-488D-8899-26FAF063F994}.Release|Any CPU.ActiveCfg = Release|Any CPU
		{742A0DDD-5605-488D-8899-26FAF063F994}.Release|Any CPU.Build.0 = Release|Any CPU
		{4E27A083-A628-4EBE-8ABF-313C2338F395}.Debug|Any CPU.ActiveCfg = Debug|Any CPU
		{4E27A083-A628-4EBE-8ABF-313C2338F395}.Debug|Any CPU.Build.0 = Debug|Any CPU
		{4E27A083-A628-4EBE-8ABF-313C2338F395}.Release|Any CPU.ActiveCfg = Release|Any CPU
		{4E27A083-A628-4EBE-8ABF-313C2338F395}.Release|Any CPU.Build.0 = Release|Any CPU
		{661D5778-C74C-4889-927B-7AAAD1C1355E}.Debug|Any CPU.ActiveCfg = Debug|Any CPU
		{661D5778-C74C-4889-927B-7AAAD1C1355E}.Debug|Any CPU.Build.0 = Debug|Any CPU
		{661D5778-C74C-4889-927B-7AAAD1C1355E}.Release|Any CPU.ActiveCfg = Release|Any CPU
		{661D5778-C74C-4889-927B-7AAAD1C1355E}.Release|Any CPU.Build.0 = Release|Any CPU
		{50B3B51C-951F-4249-B1BC-3A25B4F4DF05}.Debug|Any CPU.ActiveCfg = Debug|Any CPU
		{50B3B51C-951F-4249-B1BC-3A25B4F4DF05}.Debug|Any CPU.Build.0 = Debug|Any CPU
		{50B3B51C-951F-4249-B1BC-3A25B4F4DF05}.Release|Any CPU.ActiveCfg = Release|Any CPU
		{50B3B51C-951F-4249-B1BC-3A25B4F4DF05}.Release|Any CPU.Build.0 = Release|Any CPU
		{1226E30C-670C-4B5B-978E-D693CF9CF23F}.Debug|Any CPU.ActiveCfg = Debug|Any CPU
		{1226E30C-670C-4B5B-978E-D693CF9CF23F}.Debug|Any CPU.Build.0 = Debug|Any CPU
		{1226E30C-670C-4B5B-978E-D693CF9CF23F}.Release|Any CPU.ActiveCfg = Release|Any CPU
		{1226E30C-670C-4B5B-978E-D693CF9CF23F}.Release|Any CPU.Build.0 = Release|Any CPU
		{44ED353C-4B74-479C-816B-E05D524AD65D}.Debug|Any CPU.ActiveCfg = Debug|Any CPU
		{44ED353C-4B74-479C-816B-E05D524AD65D}.Debug|Any CPU.Build.0 = Debug|Any CPU
		{44ED353C-4B74-479C-816B-E05D524AD65D}.Release|Any CPU.ActiveCfg = Release|Any CPU
		{44ED353C-4B74-479C-816B-E05D524AD65D}.Release|Any CPU.Build.0 = Release|Any CPU
		{8AEF88AA-8523-4A71-A8BB-2F7591EEA9CE}.Debug|Any CPU.ActiveCfg = Debug|Any CPU
		{8AEF88AA-8523-4A71-A8BB-2F7591EEA9CE}.Debug|Any CPU.Build.0 = Debug|Any CPU
		{8AEF88AA-8523-4A71-A8BB-2F7591EEA9CE}.Release|Any CPU.ActiveCfg = Release|Any CPU
		{8AEF88AA-8523-4A71-A8BB-2F7591EEA9CE}.Release|Any CPU.Build.0 = Release|Any CPU
		{1BA57D2F-B4FA-4A89-9312-5359FD2598F2}.Debug|Any CPU.ActiveCfg = Debug|Any CPU
		{1BA57D2F-B4FA-4A89-9312-5359FD2598F2}.Debug|Any CPU.Build.0 = Debug|Any CPU
		{1BA57D2F-B4FA-4A89-9312-5359FD2598F2}.Release|Any CPU.ActiveCfg = Release|Any CPU
		{1BA57D2F-B4FA-4A89-9312-5359FD2598F2}.Release|Any CPU.Build.0 = Release|Any CPU
		{F7886EAB-BB88-4337-97D0-5F3A0F8EEA41}.Debug|Any CPU.ActiveCfg = Debug|Any CPU
		{F7886EAB-BB88-4337-97D0-5F3A0F8EEA41}.Debug|Any CPU.Build.0 = Debug|Any CPU
		{F7886EAB-BB88-4337-97D0-5F3A0F8EEA41}.Release|Any CPU.ActiveCfg = Release|Any CPU
		{F7886EAB-BB88-4337-97D0-5F3A0F8EEA41}.Release|Any CPU.Build.0 = Release|Any CPU
		{6C74D659-55AF-4382-87CA-D8F0A7A75C3F}.Debug|Any CPU.ActiveCfg = Debug|Any CPU
		{6C74D659-55AF-4382-87CA-D8F0A7A75C3F}.Debug|Any CPU.Build.0 = Debug|Any CPU
		{6C74D659-55AF-4382-87CA-D8F0A7A75C3F}.Release|Any CPU.ActiveCfg = Release|Any CPU
		{6C74D659-55AF-4382-87CA-D8F0A7A75C3F}.Release|Any CPU.Build.0 = Release|Any CPU
		{A8F9978F-A1C4-4F1B-A1E6-5B514B6631A3}.Debug|Any CPU.ActiveCfg = Debug|Any CPU
		{A8F9978F-A1C4-4F1B-A1E6-5B514B6631A3}.Debug|Any CPU.Build.0 = Debug|Any CPU
		{A8F9978F-A1C4-4F1B-A1E6-5B514B6631A3}.Release|Any CPU.ActiveCfg = Release|Any CPU
		{A8F9978F-A1C4-4F1B-A1E6-5B514B6631A3}.Release|Any CPU.Build.0 = Release|Any CPU
		{6BD64825-CF43-4FE8-9D65-4E6D843D0D54}.Debug|Any CPU.ActiveCfg = Debug|Any CPU
		{6BD64825-CF43-4FE8-9D65-4E6D843D0D54}.Debug|Any CPU.Build.0 = Debug|Any CPU
		{6BD64825-CF43-4FE8-9D65-4E6D843D0D54}.Release|Any CPU.ActiveCfg = Release|Any CPU
		{6BD64825-CF43-4FE8-9D65-4E6D843D0D54}.Release|Any CPU.Build.0 = Release|Any CPU
		{C384E22C-0489-40CB-889F-EA57C7CD944F}.Debug|Any CPU.ActiveCfg = Debug|Any CPU
		{C384E22C-0489-40CB-889F-EA57C7CD944F}.Debug|Any CPU.Build.0 = Debug|Any CPU
		{C384E22C-0489-40CB-889F-EA57C7CD944F}.Release|Any CPU.ActiveCfg = Release|Any CPU
		{C384E22C-0489-40CB-889F-EA57C7CD944F}.Release|Any CPU.Build.0 = Release|Any CPU
		{D39082AD-39F0-4D95-9228-78F30FB10314}.Debug|Any CPU.ActiveCfg = Debug|Any CPU
		{D39082AD-39F0-4D95-9228-78F30FB10314}.Debug|Any CPU.Build.0 = Debug|Any CPU
		{D39082AD-39F0-4D95-9228-78F30FB10314}.Release|Any CPU.ActiveCfg = Release|Any CPU
		{D39082AD-39F0-4D95-9228-78F30FB10314}.Release|Any CPU.Build.0 = Release|Any CPU
		{CF0E0603-800C-4A0C-B2A1-35C59BFF6F5C}.Debug|Any CPU.ActiveCfg = Debug|Any CPU
		{CF0E0603-800C-4A0C-B2A1-35C59BFF6F5C}.Debug|Any CPU.Build.0 = Debug|Any CPU
		{CF0E0603-800C-4A0C-B2A1-35C59BFF6F5C}.Release|Any CPU.ActiveCfg = Release|Any CPU
		{CF0E0603-800C-4A0C-B2A1-35C59BFF6F5C}.Release|Any CPU.Build.0 = Release|Any CPU
		{FD9CB495-9744-4C67-831D-E661AD1A3B92}.Debug|Any CPU.ActiveCfg = Debug|Any CPU
		{FD9CB495-9744-4C67-831D-E661AD1A3B92}.Debug|Any CPU.Build.0 = Debug|Any CPU
		{FD9CB495-9744-4C67-831D-E661AD1A3B92}.Release|Any CPU.ActiveCfg = Release|Any CPU
		{FD9CB495-9744-4C67-831D-E661AD1A3B92}.Release|Any CPU.Build.0 = Release|Any CPU
		{BBDEDFDA-EE04-4371-A1CC-0518E56E571C}.Debug|Any CPU.ActiveCfg = Debug|Any CPU
		{BBDEDFDA-EE04-4371-A1CC-0518E56E571C}.Debug|Any CPU.Build.0 = Debug|Any CPU
		{BBDEDFDA-EE04-4371-A1CC-0518E56E571C}.Release|Any CPU.ActiveCfg = Release|Any CPU
		{BBDEDFDA-EE04-4371-A1CC-0518E56E571C}.Release|Any CPU.Build.0 = Release|Any CPU
		{CA289AC5-6802-431F-8A75-B12B30DC814A}.Debug|Any CPU.ActiveCfg = Debug|Any CPU
		{CA289AC5-6802-431F-8A75-B12B30DC814A}.Debug|Any CPU.Build.0 = Debug|Any CPU
		{CA289AC5-6802-431F-8A75-B12B30DC814A}.Release|Any CPU.ActiveCfg = Release|Any CPU
		{CA289AC5-6802-431F-8A75-B12B30DC814A}.Release|Any CPU.Build.0 = Release|Any CPU
		{53EB9A15-558D-44DD-913F-D6DBB0036D1F}.Debug|Any CPU.ActiveCfg = Debug|Any CPU
		{53EB9A15-558D-44DD-913F-D6DBB0036D1F}.Debug|Any CPU.Build.0 = Debug|Any CPU
		{53EB9A15-558D-44DD-913F-D6DBB0036D1F}.Release|Any CPU.ActiveCfg = Release|Any CPU
		{53EB9A15-558D-44DD-913F-D6DBB0036D1F}.Release|Any CPU.Build.0 = Release|Any CPU
		{7A47CF4E-3927-42BC-B2A0-BF7A809297C1}.Debug|Any CPU.ActiveCfg = Debug|Any CPU
		{7A47CF4E-3927-42BC-B2A0-BF7A809297C1}.Debug|Any CPU.Build.0 = Debug|Any CPU
		{7A47CF4E-3927-42BC-B2A0-BF7A809297C1}.Release|Any CPU.ActiveCfg = Release|Any CPU
		{7A47CF4E-3927-42BC-B2A0-BF7A809297C1}.Release|Any CPU.Build.0 = Release|Any CPU
		{6FEA1870-3A7E-4804-8655-D7C3A5C0A354}.Debug|Any CPU.ActiveCfg = Debug|Any CPU
		{6FEA1870-3A7E-4804-8655-D7C3A5C0A354}.Debug|Any CPU.Build.0 = Debug|Any CPU
		{6FEA1870-3A7E-4804-8655-D7C3A5C0A354}.Release|Any CPU.ActiveCfg = Release|Any CPU
		{6FEA1870-3A7E-4804-8655-D7C3A5C0A354}.Release|Any CPU.Build.0 = Release|Any CPU
		{C76EF324-4DF6-4D20-8D2E-0835E9D87990}.Debug|Any CPU.ActiveCfg = Debug|Any CPU
		{C76EF324-4DF6-4D20-8D2E-0835E9D87990}.Debug|Any CPU.Build.0 = Debug|Any CPU
		{C76EF324-4DF6-4D20-8D2E-0835E9D87990}.Release|Any CPU.ActiveCfg = Release|Any CPU
		{C76EF324-4DF6-4D20-8D2E-0835E9D87990}.Release|Any CPU.Build.0 = Release|Any CPU
		{BBB25432-9081-4EE7-B186-963CAA8A5F0F}.Debug|Any CPU.ActiveCfg = Debug|Any CPU
		{BBB25432-9081-4EE7-B186-963CAA8A5F0F}.Debug|Any CPU.Build.0 = Debug|Any CPU
		{BBB25432-9081-4EE7-B186-963CAA8A5F0F}.Release|Any CPU.ActiveCfg = Release|Any CPU
		{BBB25432-9081-4EE7-B186-963CAA8A5F0F}.Release|Any CPU.Build.0 = Release|Any CPU
		{24C99179-D875-4731-83C2-36BFC2549404}.Debug|Any CPU.ActiveCfg = Debug|Any CPU
		{24C99179-D875-4731-83C2-36BFC2549404}.Debug|Any CPU.Build.0 = Debug|Any CPU
		{24C99179-D875-4731-83C2-36BFC2549404}.Release|Any CPU.ActiveCfg = Release|Any CPU
		{24C99179-D875-4731-83C2-36BFC2549404}.Release|Any CPU.Build.0 = Release|Any CPU
		{3D680E0D-A4DE-4E50-81CE-6F56B204A742}.Debug|Any CPU.ActiveCfg = Debug|Any CPU
		{3D680E0D-A4DE-4E50-81CE-6F56B204A742}.Debug|Any CPU.Build.0 = Debug|Any CPU
		{3D680E0D-A4DE-4E50-81CE-6F56B204A742}.Release|Any CPU.ActiveCfg = Release|Any CPU
		{3D680E0D-A4DE-4E50-81CE-6F56B204A742}.Release|Any CPU.Build.0 = Release|Any CPU
		{57DD900F-FAE5-4B7D-9C6B-B449CA42247D}.Debug|Any CPU.ActiveCfg = Debug|Any CPU
		{57DD900F-FAE5-4B7D-9C6B-B449CA42247D}.Debug|Any CPU.Build.0 = Debug|Any CPU
		{57DD900F-FAE5-4B7D-9C6B-B449CA42247D}.Release|Any CPU.ActiveCfg = Release|Any CPU
		{57DD900F-FAE5-4B7D-9C6B-B449CA42247D}.Release|Any CPU.Build.0 = Release|Any CPU
	EndGlobalSection
	GlobalSection(SolutionProperties) = preSolution
		HideSolutionNode = FALSE
	EndGlobalSection
	GlobalSection(NestedProjects) = preSolution
		{00FAF447-13F7-4468-89AE-4CD38FF4AB47} = {7A7E6152-0F64-4873-A0E4-4A82CA572073}
		{9EA5EC48-3C09-4C07-A0B0-5FAD8F354D88} = {7A7E6152-0F64-4873-A0E4-4A82CA572073}
		{742A0DDD-5605-488D-8899-26FAF063F994} = {7A7E6152-0F64-4873-A0E4-4A82CA572073}
		{4E27A083-A628-4EBE-8ABF-313C2338F395} = {7A7E6152-0F64-4873-A0E4-4A82CA572073}
		{661D5778-C74C-4889-927B-7AAAD1C1355E} = {7A7E6152-0F64-4873-A0E4-4A82CA572073}
		{50B3B51C-951F-4249-B1BC-3A25B4F4DF05} = {7A7E6152-0F64-4873-A0E4-4A82CA572073}
		{1226E30C-670C-4B5B-978E-D693CF9CF23F} = {7A7E6152-0F64-4873-A0E4-4A82CA572073}
		{44ED353C-4B74-479C-816B-E05D524AD65D} = {7A7E6152-0F64-4873-A0E4-4A82CA572073}
		{8AEF88AA-8523-4A71-A8BB-2F7591EEA9CE} = {7A7E6152-0F64-4873-A0E4-4A82CA572073}
		{1BA57D2F-B4FA-4A89-9312-5359FD2598F2} = {7A7E6152-0F64-4873-A0E4-4A82CA572073}
		{F7886EAB-BB88-4337-97D0-5F3A0F8EEA41} = {7A7E6152-0F64-4873-A0E4-4A82CA572073}
		{6C74D659-55AF-4382-87CA-D8F0A7A75C3F} = {7A7E6152-0F64-4873-A0E4-4A82CA572073}
		{A8F9978F-A1C4-4F1B-A1E6-5B514B6631A3} = {7A7E6152-0F64-4873-A0E4-4A82CA572073}
		{6BD64825-CF43-4FE8-9D65-4E6D843D0D54} = {7A7E6152-0F64-4873-A0E4-4A82CA572073}
		{C384E22C-0489-40CB-889F-EA57C7CD944F} = {7A7E6152-0F64-4873-A0E4-4A82CA572073}
		{D39082AD-39F0-4D95-9228-78F30FB10314} = {7A7E6152-0F64-4873-A0E4-4A82CA572073}
		{CF0E0603-800C-4A0C-B2A1-35C59BFF6F5C} = {9D89B06C-C775-481C-BEBD-1E9E43C4B237}
		{FD9CB495-9744-4C67-831D-E661AD1A3B92} = {9D89B06C-C775-481C-BEBD-1E9E43C4B237}
		{BBDEDFDA-EE04-4371-A1CC-0518E56E571C} = {9D89B06C-C775-481C-BEBD-1E9E43C4B237}
		{CA289AC5-6802-431F-8A75-B12B30DC814A} = {9D89B06C-C775-481C-BEBD-1E9E43C4B237}
		{53EB9A15-558D-44DD-913F-D6DBB0036D1F} = {9D89B06C-C775-481C-BEBD-1E9E43C4B237}
		{7A47CF4E-3927-42BC-B2A0-BF7A809297C1} = {9D89B06C-C775-481C-BEBD-1E9E43C4B237}
		{6FEA1870-3A7E-4804-8655-D7C3A5C0A354} = {9D89B06C-C775-481C-BEBD-1E9E43C4B237}
		{C76EF324-4DF6-4D20-8D2E-0835E9D87990} = {9D89B06C-C775-481C-BEBD-1E9E43C4B237}
		{BBB25432-9081-4EE7-B186-963CAA8A5F0F} = {9D89B06C-C775-481C-BEBD-1E9E43C4B237}
		{24C99179-D875-4731-83C2-36BFC2549404} = {9D89B06C-C775-481C-BEBD-1E9E43C4B237}
		{3D680E0D-A4DE-4E50-81CE-6F56B204A742} = {9D89B06C-C775-481C-BEBD-1E9E43C4B237}
		{57DD900F-FAE5-4B7D-9C6B-B449CA42247D} = {9D89B06C-C775-481C-BEBD-1E9E43C4B237}
	EndGlobalSection
	GlobalSection(ExtensibilityGlobals) = postSolution
		SolutionGuid = {864BF37D-D581-4810-8CD1-C05DB977C9F0}
	EndGlobalSection
EndGlobal
